
Microsoft Visual Studio Solution File, Format Version 12.00
# Visual Studio Version 17
VisualStudioVersion = 17.7.34221.43
MinimumVisualStudioVersion = 10.0.40219.1
Project("{FAE04EC0-301F-11D3-BF4B-00C04F79EFBC}") = "EFDbFirstApproachProject", "EFDbFirstApproachProject\EFDbFirstApproachProject.csproj", "{B7D0C268-6167-498D-A377-4416CB778B89}"
EndProject
Global
	GlobalSection(SolutionConfigurationPlatforms) = preSolution
		Debug|Any CPU = Debug|Any CPU
		Release|Any CPU = Release|Any CPU
	EndGlobalSection
	GlobalSection(ProjectConfigurationPlatforms) = postSolution
		{B7D0C268-6167-498D-A377-4416CB778B89}.Debug|Any CPU.ActiveCfg = Debug|Any CPU
		{B7D0C268-6167-498D-A377-4416CB778B89}.Debug|Any CPU.Build.0 = Debug|Any CPU
		{B7D0C268-6167-498D-A377-4416CB778B89}.Release|Any CPU.ActiveCfg = Release|Any CPU
		{B7D0C268-6167-498D-A377-4416CB778B89}.Release|Any CPU.Build.0 = Release|Any CPU
	EndGlobalSection
	GlobalSection(SolutionProperties) = preSolution
		HideSolutionNode = FALSE
	EndGlobalSection
	GlobalSection(ExtensibilityGlobals) = postSolution
		SolutionGuid = {75DD921E-9055-49B8-925F-AE96CFF06A39}
	EndGlobalSection
EndGlobal
